# This file is automatically @generated by Cargo.
# It is not intended for manual editing.
version = 3

[[package]]
name = "ddc"
version = "0.3.0"
dependencies = [
 "mccs",
]

[[package]]
name = "mccs"
version = "0.2.0"
source = "registry+https://github.com/rust-lang/crates.io-index"
checksum = "2a63ab5297c9a7d5f8298a076b5f858c3c51ce84bf2f57a302d1d67ff9323360"
