# This file is automatically @generated by Cargo.
# It is not intended for manual editing.
version = 3

[[package]]
name = "ddc"
version = "0.3.0"
dependencies = [
 "mccs",
]

[[package]]
name = "mccs"
version = "0.2.0"
source = "git+https://github.com/arcnmx/mccs-rs?branch=v0.2.x#e2be7229140632b04f4252d6e779fcfe90b6046e"
